
Microsoft Visual Studio Solution File, Format Version 12.00
# Visual Studio Version 17
VisualStudioVersion = 17.0.31903.59
MinimumVisualStudioVersion = 10.0.40219.1
Project("{FAE04EC0-301F-11D3-BF4B-00C04F79EFBC}") = "BuberBreakfast.Contracts", "BuberBreakfast.Contracts\BuberBreakfast.Contracts.csproj", "{FF1D2A98-0403-475D-87AD-E747A35A6AF9}"
EndProject
Project("{FAE04EC0-301F-11D3-BF4B-00C04F79EFBC}") = "BuberBreakfast", "BuberBreakfast\BuberBreakfast.csproj", "{04E6E2EA-8FDB-4E62-BEF0-1699D1D5C810}"
EndProject
Global
	GlobalSection(SolutionConfigurationPlatforms) = preSolution
		Debug|Any CPU = Debug|Any CPU
		Release|Any CPU = Release|Any CPU
	EndGlobalSection
	GlobalSection(SolutionProperties) = preSolution
		HideSolutionNode = FALSE
	EndGlobalSection
	GlobalSection(ProjectConfigurationPlatforms) = postSolution
		{FF1D2A98-0403-475D-87AD-E747A35A6AF9}.Debug|Any CPU.ActiveCfg = Debug|Any CPU
		{FF1D2A98-0403-475D-87AD-E747A35A6AF9}.Debug|Any CPU.Build.0 = Debug|Any CPU
		{FF1D2A98-0403-475D-87AD-E747A35A6AF9}.Release|Any CPU.ActiveCfg = Release|Any CPU
		{FF1D2A98-0403-475D-87AD-E747A35A6AF9}.Release|Any CPU.Build.0 = Release|Any CPU
		{04E6E2EA-8FDB-4E62-BEF0-1699D1D5C810}.Debug|Any CPU.ActiveCfg = Debug|Any CPU
		{04E6E2EA-8FDB-4E62-BEF0-1699D1D5C810}.Debug|Any CPU.Build.0 = Debug|Any CPU
		{04E6E2EA-8FDB-4E62-BEF0-1699D1D5C810}.Release|Any CPU.ActiveCfg = Release|Any CPU
		{04E6E2EA-8FDB-4E62-BEF0-1699D1D5C810}.Release|Any CPU.Build.0 = Release|Any CPU
	EndGlobalSection
EndGlobal
